
Microsoft Visual Studio Solution File, Format Version 12.00
# Visual Studio 15
VisualStudioVersion = 15.0.27703.2035
MinimumVisualStudioVersion = 10.0.40219.1
Project("{FAE04EC0-301F-11D3-BF4B-00C04F79EFBC}") = "MovieSaber", "MovieSaber\MovieSaber.csproj", "{10560220-7FC0-49A4-9C12-15EA61FAAACE}"
EndProject
Global
	GlobalSection(SolutionConfigurationPlatforms) = preSolution
		Debug|Any CPU = Debug|Any CPU
		Release|Any CPU = Release|Any CPU
	EndGlobalSection
	GlobalSection(ProjectConfigurationPlatforms) = postSolution
		{10560220-7FC0-49A4-9C12-15EA61FAAACE}.Debug|Any CPU.ActiveCfg = Debug|Any CPU
		{10560220-7FC0-49A4-9C12-15EA61FAAACE}.Debug|Any CPU.Build.0 = Debug|Any CPU
		{10560220-7FC0-49A4-9C12-15EA61FAAACE}.Release|Any CPU.ActiveCfg = Release|Any CPU
		{10560220-7FC0-49A4-9C12-15EA61FAAACE}.Release|Any CPU.Build.0 = Release|Any CPU
	EndGlobalSection
	GlobalSection(SolutionProperties) = preSolution
		HideSolutionNode = FALSE
	EndGlobalSection
	GlobalSection(ExtensibilityGlobals) = postSolution
		SolutionGuid = {B0A30410-CE80-4A1E-AD2B-F01EEEA3A230}
	EndGlobalSection
EndGlobal
